// !$*UTF8*$!
{
	archiveVersion = 1;
	classes = {
	};
	objectVersion = 51;
	objects = {

/* Begin PBXBuildFile section */
		68B1811926FAA3B70053DC6E /* Animation.swift in Sources */ = {isa = PBXBuildFile; fileRef = 68B1811826FAA3B70053DC6E /* Animation.swift */; };
		68CE7C5126FBCC0900303AE0 /* DataManager.swift in Sources */ = {isa = PBXBuildFile; fileRef = 68CE7C5026FBCC0900303AE0 /* DataManager.swift */; };
		68F5DB1526F9294B00FFA291 /* AppDelegate.swift in Sources */ = {isa = PBXBuildFile; fileRef = 68F5DB1426F9294B00FFA291 /* AppDelegate.swift */; };
		68F5DB1726F9294B00FFA291 /* SceneDelegate.swift in Sources */ = {isa = PBXBuildFile; fileRef = 68F5DB1626F9294B00FFA291 /* SceneDelegate.swift */; };
		68F5DB1926F9294B00FFA291 /* ViewController.swift in Sources */ = {isa = PBXBuildFile; fileRef = 68F5DB1826F9294B00FFA291 /* ViewController.swift */; };
		68F5DB1C26F9294B00FFA291 /* Main.storyboard in Resources */ = {isa = PBXBuildFile; fileRef = 68F5DB1A26F9294B00FFA291 /* Main.storyboard */; };
		68F5DB1E26F9294D00FFA291 /* Assets.xcassets in Resources */ = {isa = PBXBuildFile; fileRef = 68F5DB1D26F9294D00FFA291 /* Assets.xcassets */; };
		68F5DB2126F9294D00FFA291 /* LaunchScreen.storyboard in Resources */ = {isa = PBXBuildFile; fileRef = 68F5DB1F26F9294D00FFA291 /* LaunchScreen.storyboard */; };
		DA27579E70137C925AF2F393 /* Pods_AnimationApp.framework in Frameworks */ = {isa = PBXBuildFile; fileRef = BE672509BA3086DDF42EBF86 /* Pods_AnimationApp.framework */; };
/* End PBXBuildFile section */

/* Begin PBXFileReference section */
		68B1811826FAA3B70053DC6E /* Animation.swift */ = {isa = PBXFileReference; lastKnownFileType = sourcecode.swift; path = Animation.swift; sourceTree = "<group>"; };
		68CE7C5026FBCC0900303AE0 /* DataManager.swift */ = {isa = PBXFileReference; lastKnownFileType = sourcecode.swift; path = DataManager.swift; sourceTree = "<group>"; };
		68F5DB1126F9294B00FFA291 /* AnimationApp.app */ = {isa = PBXFileReference; explicitFileType = wrapper.application; includeInIndex = 0; path = AnimationApp.app; sourceTree = BUILT_PRODUCTS_DIR; };
		68F5DB1426F9294B00FFA291 /* AppDelegate.swift */ = {isa = PBXFileReference; lastKnownFileType = sourcecode.swift; path = AppDelegate.swift; sourceTree = "<group>"; };
		68F5DB1626F9294B00FFA291 /* SceneDelegate.swift */ = {isa = PBXFileReference; lastKnownFileType = sourcecode.swift; path = SceneDelegate.swift; sourceTree = "<group>"; };
		68F5DB1826F9294B00FFA291 /* ViewController.swift */ = {isa = PBXFileReference; lastKnownFileType = sourcecode.swift; path = ViewController.swift; sourceTree = "<group>"; };
		68F5DB1B26F9294B00FFA291 /* Base */ = {isa = PBXFileReference; lastKnownFileType = file.storyboard; name = Base; path = Base.lproj/Main.storyboard; sourceTree = "<group>"; };
		68F5DB1D26F9294D00FFA291 /* Assets.xcassets */ = {isa = PBXFileReference; lastKnownFileType = folder.assetcatalog; path = Assets.xcassets; sourceTree = "<group>"; };
		68F5DB2026F9294D00FFA291 /* Base */ = {isa = PBXFileReference; lastKnownFileType = file.storyboard; name = Base; path = Base.lproj/LaunchScreen.storyboard; sourceTree = "<group>"; };
		68F5DB2226F9294D00FFA291 /* Info.plist */ = {isa = PBXFileReference; lastKnownFileType = text.plist.xml; path = Info.plist; sourceTree = "<group>"; };
		ADAEA1C16EDAF0287694950D /* Pods-AnimationApp.release.xcconfig */ = {isa = PBXFileReference; includeInIndex = 1; lastKnownFileType = text.xcconfig; name = "Pods-AnimationApp.release.xcconfig"; path = "Target Support Files/Pods-AnimationApp/Pods-AnimationApp.release.xcconfig"; sourceTree = "<group>"; };
		BE672509BA3086DDF42EBF86 /* Pods_AnimationApp.framework */ = {isa = PBXFileReference; explicitFileType = wrapper.framework; includeInIndex = 0; path = Pods_AnimationApp.framework; sourceTree = BUILT_PRODUCTS_DIR; };
		E10BB5046DFA39C6A94C8DA1 /* Pods-AnimationApp.debug.xcconfig */ = {isa = PBXFileReference; includeInIndex = 1; lastKnownFileType = text.xcconfig; name = "Pods-AnimationApp.debug.xcconfig"; path = "Target Support Files/Pods-AnimationApp/Pods-AnimationApp.debug.xcconfig"; sourceTree = "<group>"; };
/* End PBXFileReference section */

/* Begin PBXFrameworksBuildPhase section */
		68F5DB0E26F9294B00FFA291 /* Frameworks */ = {
			isa = PBXFrameworksBuildPhase;
			buildActionMask = 2147483647;
			files = (
				DA27579E70137C925AF2F393 /* Pods_AnimationApp.framework in Frameworks */,
			);
			runOnlyForDeploymentPostprocessing = 0;
		};
/* End PBXFrameworksBuildPhase section */

/* Begin PBXGroup section */
		12CDC075DD91A20AB156F0B7 /* Frameworks */ = {
			isa = PBXGroup;
			children = (
				BE672509BA3086DDF42EBF86 /* Pods_AnimationApp.framework */,
			);
			name = Frameworks;
			sourceTree = "<group>";
		};
		6199A985060FABF831D5EE40 /* Pods */ = {
			isa = PBXGroup;
			children = (
				E10BB5046DFA39C6A94C8DA1 /* Pods-AnimationApp.debug.xcconfig */,
				ADAEA1C16EDAF0287694950D /* Pods-AnimationApp.release.xcconfig */,
			);
			path = Pods;
			sourceTree = "<group>";
		};
		68B1811226FAA23E0053DC6E /* ViewControllers */ = {
			isa = PBXGroup;
			children = (
				68F5DB1826F9294B00FFA291 /* ViewController.swift */,
			);
			path = ViewControllers;
			sourceTree = "<group>";
		};
		68B1811326FAA26A0053DC6E /* Storyboards */ = {
			isa = PBXGroup;
			children = (
				68F5DB1A26F9294B00FFA291 /* Main.storyboard */,
				68F5DB1F26F9294D00FFA291 /* LaunchScreen.storyboard */,
			);
			path = Storyboards;
			sourceTree = "<group>";
		};
		68B1811426FAA28D0053DC6E /* Resources */ = {
			isa = PBXGroup;
			children = (
				68F5DB1D26F9294D00FFA291 /* Assets.xcassets */,
			);
			path = Resources;
			sourceTree = "<group>";
		};
		68B1811526FAA30C0053DC6E /* App */ = {
			isa = PBXGroup;
			children = (
				68F5DB1426F9294B00FFA291 /* AppDelegate.swift */,
				68F5DB1626F9294B00FFA291 /* SceneDelegate.swift */,
				68F5DB2226F9294D00FFA291 /* Info.plist */,
			);
			path = App;
			sourceTree = "<group>";
		};
		68B1811726FAA34B0053DC6E /* Models */ = {
			isa = PBXGroup;
			children = (
				68B1811826FAA3B70053DC6E /* Animation.swift */,
			);
			path = Models;
			sourceTree = "<group>";
		};
		68CE7C4F26FBCBF600303AE0 /* Services */ = {
			isa = PBXGroup;
			children = (
				68CE7C5026FBCC0900303AE0 /* DataManager.swift */,
			);
			path = Services;
			sourceTree = "<group>";
		};
		68F5DB0826F9294B00FFA291 = {
			isa = PBXGroup;
			children = (
				68F5DB1326F9294B00FFA291 /* AnimationApp */,
				68F5DB1226F9294B00FFA291 /* Products */,
				6199A985060FABF831D5EE40 /* Pods */,
				12CDC075DD91A20AB156F0B7 /* Frameworks */,
			);
			sourceTree = "<group>";
		};
		68F5DB1226F9294B00FFA291 /* Products */ = {
			isa = PBXGroup;
			children = (
				68F5DB1126F9294B00FFA291 /* AnimationApp.app */,
			);
			name = Products;
			sourceTree = "<group>";
		};
		68F5DB1326F9294B00FFA291 /* AnimationApp */ = {
			isa = PBXGroup;
			children = (
				68B1811526FAA30C0053DC6E /* App */,
				68B1811426FAA28D0053DC6E /* Resources */,
				68B1811726FAA34B0053DC6E /* Models */,
				68CE7C4F26FBCBF600303AE0 /* Services */,
				68B1811226FAA23E0053DC6E /* ViewControllers */,
				68B1811326FAA26A0053DC6E /* Storyboards */,
			);
			path = AnimationApp;
			sourceTree = "<group>";
		};
/* End PBXGroup section */

/* Begin PBXNativeTarget section */
		68F5DB1026F9294B00FFA291 /* AnimationApp */ = {
			isa = PBXNativeTarget;
			buildConfigurationList = 68F5DB2526F9294D00FFA291 /* Build configuration list for PBXNativeTarget "AnimationApp" */;
			buildPhases = (
				1CF5A490EDDCAE140A362283 /* [CP] Check Pods Manifest.lock */,
				68F5DB0D26F9294B00FFA291 /* Sources */,
				68F5DB0E26F9294B00FFA291 /* Frameworks */,
				68F5DB0F26F9294B00FFA291 /* Resources */,
				108A20C02CACB5B56D589B77 /* [CP] Embed Pods Frameworks */,
			);
			buildRules = (
			);
			dependencies = (
			);
			name = AnimationApp;
			productName = AnimationApp;
			productReference = 68F5DB1126F9294B00FFA291 /* AnimationApp.app */;
			productType = "com.apple.product-type.application";
		};
/* End PBXNativeTarget section */

/* Begin PBXProject section */
		68F5DB0926F9294B00FFA291 /* Project object */ = {
			isa = PBXProject;
			attributes = {
				LastSwiftUpdateCheck = 1250;
				LastUpgradeCheck = 1250;
				TargetAttributes = {
					68F5DB1026F9294B00FFA291 = {
						CreatedOnToolsVersion = 12.5;
					};
				};
			};
			buildConfigurationList = 68F5DB0C26F9294B00FFA291 /* Build configuration list for PBXProject "AnimationApp" */;
			compatibilityVersion = "Xcode 9.3";
			developmentRegion = en;
			hasScannedForEncodings = 0;
			knownRegions = (
				en,
				Base,
			);
			mainGroup = 68F5DB0826F9294B00FFA291;
			productRefGroup = 68F5DB1226F9294B00FFA291 /* Products */;
			projectDirPath = "";
			projectRoot = "";
			targets = (
				68F5DB1026F9294B00FFA291 /* AnimationApp */,
			);
		};
/* End PBXProject section */

/* Begin PBXResourcesBuildPhase section */
		68F5DB0F26F9294B00FFA291 /* Resources */ = {
			isa = PBXResourcesBuildPhase;
			buildActionMask = 2147483647;
			files = (
				68F5DB2126F9294D00FFA291 /* LaunchScreen.storyboard in Resources */,
				68F5DB1E26F9294D00FFA291 /* Assets.xcassets in Resources */,
				68F5DB1C26F9294B00FFA291 /* Main.storyboard in Resources */,
			);
			runOnlyForDeploymentPostprocessing = 0;
		};
/* End PBXResourcesBuildPhase section */

/* Begin PBXShellScriptBuildPhase section */
		108A20C02CACB5B56D589B77 /* [CP] Embed Pods Frameworks */ = {
			isa = PBXShellScriptBuildPhase;
			buildActionMask = 2147483647;
			files = (
			);
			inputFileListPaths = (
				"${PODS_ROOT}/Target Support Files/Pods-AnimationApp/Pods-AnimationApp-frameworks-${CONFIGURATION}-input-files.xcfilelist",
			);
			name = "[CP] Embed Pods Frameworks";
			outputFileListPaths = (
				"${PODS_ROOT}/Target Support Files/Pods-AnimationApp/Pods-AnimationApp-frameworks-${CONFIGURATION}-output-files.xcfilelist",
			);
			runOnlyForDeploymentPostprocessing = 0;
			shellPath = /bin/sh;
			shellScript = "\"${PODS_ROOT}/Target Support Files/Pods-AnimationApp/Pods-AnimationApp-frameworks.sh\"\n";
			showEnvVarsInLog = 0;
		};
		1CF5A490EDDCAE140A362283 /* [CP] Check Pods Manifest.lock */ = {
			isa = PBXShellScriptBuildPhase;
			buildActionMask = 2147483647;
			files = (
			);
			inputFileListPaths = (
			);
			inputPaths = (
				"${PODS_PODFILE_DIR_PATH}/Podfile.lock",
				"${PODS_ROOT}/Manifest.lock",
			);
			name = "[CP] Check Pods Manifest.lock";
			outputFileListPaths = (
			);
			outputPaths = (
				"$(DERIVED_FILE_DIR)/Pods-AnimationApp-checkManifestLockResult.txt",
			);
			runOnlyForDeploymentPostprocessing = 0;
			shellPath = /bin/sh;
			shellScript = "diff \"${PODS_PODFILE_DIR_PATH}/Podfile.lock\" \"${PODS_ROOT}/Manifest.lock\" > /dev/null\nif [ $? != 0 ] ; then\n    # print error to STDERR\n    echo \"error: The sandbox is not in sync with the Podfile.lock. Run 'pod install' or update your CocoaPods installation.\" >&2\n    exit 1\nfi\n# This output is used by Xcode 'outputs' to avoid re-running this script phase.\necho \"SUCCESS\" > \"${SCRIPT_OUTPUT_FILE_0}\"\n";
			showEnvVarsInLog = 0;
		};
/* End PBXShellScriptBuildPhase section */

/* Begin PBXSourcesBuildPhase section */
		68F5DB0D26F9294B00FFA291 /* Sources */ = {
			isa = PBXSourcesBuildPhase;
			buildActionMask = 2147483647;
			files = (
				68F5DB1926F9294B00FFA291 /* ViewController.swift in Sources */,
				68CE7C5126FBCC0900303AE0 /* DataManager.swift in Sources */,
				68F5DB1526F9294B00FFA291 /* AppDelegate.swift in Sources */,
				68F5DB1726F9294B00FFA291 /* SceneDelegate.swift in Sources */,
				68B1811926FAA3B70053DC6E /* Animation.swift in Sources */,
			);
			runOnlyForDeploymentPostprocessing = 0;
		};
/* End PBXSourcesBuildPhase section */

/* Begin PBXVariantGroup section */
		68F5DB1A26F9294B00FFA291 /* Main.storyboard */ = {
			isa = PBXVariantGroup;
			children = (
				68F5DB1B26F9294B00FFA291 /* Base */,
			);
			name = Main.storyboard;
			sourceTree = "<group>";
		};
		68F5DB1F26F9294D00FFA291 /* LaunchScreen.storyboard */ = {
			isa = PBXVariantGroup;
			children = (
				68F5DB2026F9294D00FFA291 /* Base */,
			);
			name = LaunchScreen.storyboard;
			sourceTree = "<group>";
		};
/* End PBXVariantGroup section */

/* Begin XCBuildConfiguration section */
		68F5DB2326F9294D00FFA291 /* Debug */ = {
			isa = XCBuildConfiguration;
			buildSettings = {
				ALWAYS_SEARCH_USER_PATHS = NO;
				CLANG_ANALYZER_NONNULL = YES;
				CLANG_ANALYZER_NUMBER_OBJECT_CONVERSION = YES_AGGRESSIVE;
				CLANG_CXX_LANGUAGE_STANDARD = "gnu++14";
				CLANG_CXX_LIBRARY = "libc++";
				CLANG_ENABLE_MODULES = YES;
				CLANG_ENABLE_OBJC_ARC = YES;
				CLANG_ENABLE_OBJC_WEAK = YES;
				CLANG_WARN_BLOCK_CAPTURE_AUTORELEASING = YES;
				CLANG_WARN_BOOL_CONVERSION = YES;
				CLANG_WARN_COMMA = YES;
				CLANG_WARN_CONSTANT_CONVERSION = YES;
				CLANG_WARN_DEPRECATED_OBJC_IMPLEMENTATIONS = YES;
				CLANG_WARN_DIRECT_OBJC_ISA_USAGE = YES_ERROR;
				CLANG_WARN_DOCUMENTATION_COMMENTS = YES;
				CLANG_WARN_EMPTY_BODY = YES;
				CLANG_WARN_ENUM_CONVERSION = YES;
				CLANG_WARN_INFINITE_RECURSION = YES;
				CLANG_WARN_INT_CONVERSION = YES;
				CLANG_WARN_NON_LITERAL_NULL_CONVERSION = YES;
				CLANG_WARN_OBJC_IMPLICIT_RETAIN_SELF = YES;
				CLANG_WARN_OBJC_LITERAL_CONVERSION = YES;
				CLANG_WARN_OBJC_ROOT_CLASS = YES_ERROR;
				CLANG_WARN_QUOTED_INCLUDE_IN_FRAMEWORK_HEADER = YES;
				CLANG_WARN_RANGE_LOOP_ANALYSIS = YES;
				CLANG_WARN_STRICT_PROTOTYPES = YES;
				CLANG_WARN_SUSPICIOUS_MOVE = YES;
				CLANG_WARN_UNGUARDED_AVAILABILITY = YES_AGGRESSIVE;
				CLANG_WARN_UNREACHABLE_CODE = YES;
				CLANG_WARN__DUPLICATE_METHOD_MATCH = YES;
				COPY_PHASE_STRIP = NO;
				DEBUG_INFORMATION_FORMAT = dwarf;
				ENABLE_STRICT_OBJC_MSGSEND = YES;
				ENABLE_TESTABILITY = YES;
				GCC_C_LANGUAGE_STANDARD = gnu11;
				GCC_DYNAMIC_NO_PIC = NO;
				GCC_NO_COMMON_BLOCKS = YES;
				GCC_OPTIMIZATION_LEVEL = 0;
				GCC_PREPROCESSOR_DEFINITIONS = (
					"DEBUG=1",
					"$(inherited)",
				);
				GCC_WARN_64_TO_32_BIT_CONVERSION = YES;
				GCC_WARN_ABOUT_RETURN_TYPE = YES_ERROR;
				GCC_WARN_UNDECLARED_SELECTOR = YES;
				GCC_WARN_UNINITIALIZED_AUTOS = YES_AGGRESSIVE;
				GCC_WARN_UNUSED_FUNCTION = YES;
				GCC_WARN_UNUSED_VARIABLE = YES;
				IPHONEOS_DEPLOYMENT_TARGET = 14.5;
				MTL_ENABLE_DEBUG_INFO = INCLUDE_SOURCE;
				MTL_FAST_MATH = YES;
				ONLY_ACTIVE_ARCH = YES;
				SDKROOT = iphoneos;
				SWIFT_ACTIVE_COMPILATION_CONDITIONS = DEBUG;
				SWIFT_OPTIMIZATION_LEVEL = "-Onone";
			};
			name = Debug;
		};
		68F5DB2426F9294D00FFA291 /* Release */ = {
			isa = XCBuildConfiguration;
			buildSettings = {
				ALWAYS_SEARCH_USER_PATHS = NO;
				CLANG_ANALYZER_NONNULL = YES;
				CLANG_ANALYZER_NUMBER_OBJECT_CONVERSION = YES_AGGRESSIVE;
				CLANG_CXX_LANGUAGE_STANDARD = "gnu++14";
				CLANG_CXX_LIBRARY = "libc++";
				CLANG_ENABLE_MODULES = YES;
				CLANG_ENABLE_OBJC_ARC = YES;
				CLANG_ENABLE_OBJC_WEAK = YES;
				CLANG_WARN_BLOCK_CAPTURE_AUTORELEASING = YES;
				CLANG_WARN_BOOL_CONVERSION = YES;
				CLANG_WARN_COMMA = YES;
				CLANG_WARN_CONSTANT_CONVERSION = YES;
				CLANG_WARN_DEPRECATED_OBJC_IMPLEMENTATIONS = YES;
				CLANG_WARN_DIRECT_OBJC_ISA_USAGE = YES_ERROR;
				CLANG_WARN_DOCUMENTATION_COMMENTS = YES;
				CLANG_WARN_EMPTY_BODY = YES;
				CLANG_WARN_ENUM_CONVERSION = YES;
				CLANG_WARN_INFINITE_RECURSION = YES;
				CLANG_WARN_INT_CONVERSION = YES;
				CLANG_WARN_NON_LITERAL_NULL_CONVERSION = YES;
				CLANG_WARN_OBJC_IMPLICIT_RETAIN_SELF = YES;
				CLANG_WARN_OBJC_LITERAL_CONVERSION = YES;
				CLANG_WARN_OBJC_ROOT_CLASS = YES_ERROR;
				CLANG_WARN_QUOTED_INCLUDE_IN_FRAMEWORK_HEADER = YES;
				CLANG_WARN_RANGE_LOOP_ANALYSIS = YES;
				CLANG_WARN_STRICT_PROTOTYPES = YES;
				CLANG_WARN_SUSPICIOUS_MOVE = YES;
				CLANG_WARN_UNGUARDED_AVAILABILITY = YES_AGGRESSIVE;
				CLANG_WARN_UNREACHABLE_CODE = YES;
				CLANG_WARN__DUPLICATE_METHOD_MATCH = YES;
				COPY_PHASE_STRIP = NO;
				DEBUG_INFORMATION_FORMAT = "dwarf-with-dsym";
				ENABLE_NS_ASSERTIONS = NO;
				ENABLE_STRICT_OBJC_MSGSEND = YES;
				GCC_C_LANGUAGE_STANDARD = gnu11;
				GCC_NO_COMMON_BLOCKS = YES;
				GCC_WARN_64_TO_32_BIT_CONVERSION = YES;
				GCC_WARN_ABOUT_RETURN_TYPE = YES_ERROR;
				GCC_WARN_UNDECLARED_SELECTOR = YES;
				GCC_WARN_UNINITIALIZED_AUTOS = YES_AGGRESSIVE;
				GCC_WARN_UNUSED_FUNCTION = YES;
				GCC_WARN_UNUSED_VARIABLE = YES;
				IPHONEOS_DEPLOYMENT_TARGET = 14.5;
				MTL_ENABLE_DEBUG_INFO = NO;
				MTL_FAST_MATH = YES;
				SDKROOT = iphoneos;
				SWIFT_COMPILATION_MODE = wholemodule;
				SWIFT_OPTIMIZATION_LEVEL = "-O";
				VALIDATE_PRODUCT = YES;
			};
			name = Release;
		};
		68F5DB2626F9294D00FFA291 /* Debug */ = {
			isa = XCBuildConfiguration;
			baseConfigurationReference = E10BB5046DFA39C6A94C8DA1 /* Pods-AnimationApp.debug.xcconfig */;
			buildSettings = {
				ASSETCATALOG_COMPILER_APPICON_NAME = AppIcon;
				ASSETCATALOG_COMPILER_GLOBAL_ACCENT_COLOR_NAME = AccentColor;
				CODE_SIGN_STYLE = Automatic;
				INFOPLIST_FILE = AnimationApp/App/Info.plist;
				LD_RUNPATH_SEARCH_PATHS = (
					"$(inherited)",
					"@executable_path/Frameworks",
				);
				PRODUCT_BUNDLE_IDENTIFIER = com.example.AnimationApp;
				PRODUCT_NAME = "$(TARGET_NAME)";
				SWIFT_VERSION = 5.0;
				TARGETED_DEVICE_FAMILY = 1;
			};
			name = Debug;
		};
		68F5DB2726F9294D00FFA291 /* Release */ = {
			isa = XCBuildConfiguration;
			baseConfigurationReference = ADAEA1C16EDAF0287694950D /* Pods-AnimationApp.release.xcconfig */;
			buildSettings = {
				ASSETCATALOG_COMPILER_APPICON_NAME = AppIcon;
				ASSETCATALOG_COMPILER_GLOBAL_ACCENT_COLOR_NAME = AccentColor;
				CODE_SIGN_STYLE = Automatic;
				INFOPLIST_FILE = AnimationApp/App/Info.plist;
				LD_RUNPATH_SEARCH_PATHS = (
					"$(inherited)",
					"@executable_path/Frameworks",
				);
				PRODUCT_BUNDLE_IDENTIFIER = com.example.AnimationApp;
				PRODUCT_NAME = "$(TARGET_NAME)";
				SWIFT_VERSION = 5.0;
				TARGETED_DEVICE_FAMILY = 1;
			};
			name = Release;
		};
/* End XCBuildConfiguration section */

/* Begin XCConfigurationList section */
		68F5DB0C26F9294B00FFA291 /* Build configuration list for PBXProject "AnimationApp" */ = {
			isa = XCConfigurationList;
			buildConfigurations = (
				68F5DB2326F9294D00FFA291 /* Debug */,
				68F5DB2426F9294D00FFA291 /* Release */,
			);
			defaultConfigurationIsVisible = 0;
			defaultConfigurationName = Release;
		};
		68F5DB2526F9294D00FFA291 /* Build configuration list for PBXNativeTarget "AnimationApp" */ = {
			isa = XCConfigurationList;
			buildConfigurations = (
				68F5DB2626F9294D00FFA291 /* Debug */,
				68F5DB2726F9294D00FFA291 /* Release */,
			);
			defaultConfigurationIsVisible = 0;
			defaultConfigurationName = Release;
		};
/* End XCConfigurationList section */
	};
	rootObject = 68F5DB0926F9294B00FFA291 /* Project object */;
}
